
Microsoft Visual Studio Solution File, Format Version 12.00
# Visual Studio Version 17
VisualStudioVersion = 17.12.35521.163 d17.12
MinimumVisualStudioVersion = 10.0.40219.1
Project("{FAE04EC0-301F-11D3-BF4B-00C04F79EFBC}") = "Aula_02", "Aula_02\Aula_02.csproj", "{559D2BFF-C9BB-49A6-B48D-4FE19658F648}"
EndProject
Project("{FAE04EC0-301F-11D3-BF4B-00C04F79EFBC}") = "Ex_02", "Ex_02\Ex_02.csproj", "{68D8FE11-91BC-4CFE-AE10-7BA45BDCDF04}"
EndProject
Project("{FAE04EC0-301F-11D3-BF4B-00C04F79EFBC}") = "Ex_03", "Ex_03\Ex_03.csproj", "{25D7F987-6F21-4A1A-88D7-8AA0478A322B}"
EndProject
Project("{FAE04EC0-301F-11D3-BF4B-00C04F79EFBC}") = "Ex_04", "Ex_04\Ex_04.csproj", "{8EE6238E-BD3A-4FC0-85ED-AA8486616ADB}"
EndProject
Project("{FAE04EC0-301F-11D3-BF4B-00C04F79EFBC}") = "Ex_05", "Ex_05\Ex_05.csproj", "{26B375EB-7A2E-484C-865B-E0FC2FBFB1C5}"
EndProject
Project("{FAE04EC0-301F-11D3-BF4B-00C04F79EFBC}") = "Ex_06", "Ex_06\Ex_06.csproj", "{50E8AC9C-D974-49E0-A9A0-B275F28DF46D}"
EndProject
Global
	GlobalSection(SolutionConfigurationPlatforms) = preSolution
		Debug|Any CPU = Debug|Any CPU
		Release|Any CPU = Release|Any CPU
	EndGlobalSection
	GlobalSection(ProjectConfigurationPlatforms) = postSolution
		{559D2BFF-C9BB-49A6-B48D-4FE19658F648}.Debug|Any CPU.ActiveCfg = Debug|Any CPU
		{559D2BFF-C9BB-49A6-B48D-4FE19658F648}.Debug|Any CPU.Build.0 = Debug|Any CPU
		{559D2BFF-C9BB-49A6-B48D-4FE19658F648}.Release|Any CPU.ActiveCfg = Release|Any CPU
		{559D2BFF-C9BB-49A6-B48D-4FE19658F648}.Release|Any CPU.Build.0 = Release|Any CPU
		{68D8FE11-91BC-4CFE-AE10-7BA45BDCDF04}.Debug|Any CPU.ActiveCfg = Debug|Any CPU
		{68D8FE11-91BC-4CFE-AE10-7BA45BDCDF04}.Debug|Any CPU.Build.0 = Debug|Any CPU
		{68D8FE11-91BC-4CFE-AE10-7BA45BDCDF04}.Release|Any CPU.ActiveCfg = Release|Any CPU
		{68D8FE11-91BC-4CFE-AE10-7BA45BDCDF04}.Release|Any CPU.Build.0 = Release|Any CPU
		{25D7F987-6F21-4A1A-88D7-8AA0478A322B}.Debug|Any CPU.ActiveCfg = Debug|Any CPU
		{25D7F987-6F21-4A1A-88D7-8AA0478A322B}.Debug|Any CPU.Build.0 = Debug|Any CPU
		{25D7F987-6F21-4A1A-88D7-8AA0478A322B}.Release|Any CPU.ActiveCfg = Release|Any CPU
		{25D7F987-6F21-4A1A-88D7-8AA0478A322B}.Release|Any CPU.Build.0 = Release|Any CPU
		{8EE6238E-BD3A-4FC0-85ED-AA8486616ADB}.Debug|Any CPU.ActiveCfg = Debug|Any CPU
		{8EE6238E-BD3A-4FC0-85ED-AA8486616ADB}.Debug|Any CPU.Build.0 = Debug|Any CPU
		{8EE6238E-BD3A-4FC0-85ED-AA8486616ADB}.Release|Any CPU.ActiveCfg = Release|Any CPU
		{8EE6238E-BD3A-4FC0-85ED-AA8486616ADB}.Release|Any CPU.Build.0 = Release|Any CPU
		{26B375EB-7A2E-484C-865B-E0FC2FBFB1C5}.Debug|Any CPU.ActiveCfg = Debug|Any CPU
		{26B375EB-7A2E-484C-865B-E0FC2FBFB1C5}.Debug|Any CPU.Build.0 = Debug|Any CPU
		{26B375EB-7A2E-484C-865B-E0FC2FBFB1C5}.Release|Any CPU.ActiveCfg = Release|Any CPU
		{26B375EB-7A2E-484C-865B-E0FC2FBFB1C5}.Release|Any CPU.Build.0 = Release|Any CPU
		{50E8AC9C-D974-49E0-A9A0-B275F28DF46D}.Debug|Any CPU.ActiveCfg = Debug|Any CPU
		{50E8AC9C-D974-49E0-A9A0-B275F28DF46D}.Debug|Any CPU.Build.0 = Debug|Any CPU
		{50E8AC9C-D974-49E0-A9A0-B275F28DF46D}.Release|Any CPU.ActiveCfg = Release|Any CPU
		{50E8AC9C-D974-49E0-A9A0-B275F28DF46D}.Release|Any CPU.Build.0 = Release|Any CPU
	EndGlobalSection
	GlobalSection(SolutionProperties) = preSolution
		HideSolutionNode = FALSE
	EndGlobalSection
EndGlobal
